
Microsoft Visual Studio Solution File, Format Version 12.00
# Visual Studio Version 17
VisualStudioVersion = 17.4.33122.133
MinimumVisualStudioVersion = 10.0.40219.1
Project("{9A19103F-16F7-4668-BE54-9A1E7A4F7556}") = "AgendaDesign", "TESTES\AgendaDesign.csproj", "{F244F21A-9B62-4542-8104-3D9BE7436537}"
EndProject
Global
	GlobalSection(SolutionConfigurationPlatforms) = preSolution
		Debug|Any CPU = Debug|Any CPU
		Release|Any CPU = Release|Any CPU
	EndGlobalSection
	GlobalSection(ProjectConfigurationPlatforms) = postSolution
		{F244F21A-9B62-4542-8104-3D9BE7436537}.Debug|Any CPU.ActiveCfg = Debug|Any CPU
		{F244F21A-9B62-4542-8104-3D9BE7436537}.Debug|Any CPU.Build.0 = Debug|Any CPU
		{F244F21A-9B62-4542-8104-3D9BE7436537}.Release|Any CPU.ActiveCfg = Release|Any CPU
		{F244F21A-9B62-4542-8104-3D9BE7436537}.Release|Any CPU.Build.0 = Release|Any CPU
	EndGlobalSection
	GlobalSection(SolutionProperties) = preSolution
		HideSolutionNode = FALSE
	EndGlobalSection
	GlobalSection(ExtensibilityGlobals) = postSolution
		SolutionGuid = {79F5122E-8198-4188-AE6A-D6BBAC988566}
	EndGlobalSection
EndGlobal
